
Microsoft Visual Studio Solution File, Format Version 12.00
# Visual Studio Version 16
VisualStudioVersion = 16.0.30413.136
MinimumVisualStudioVersion = 10.0.40219.1
Project("{FAE04EC0-301F-11D3-BF4B-00C04F79EFBC}") = "AKSApi", "AKSApi.csproj", "{7F62E851-BDB1-4F1E-BAB9-401C6318F9BA}"
EndProject
Global
	GlobalSection(SolutionConfigurationPlatforms) = preSolution
		Debug|Any CPU = Debug|Any CPU
		Release|Any CPU = Release|Any CPU
	EndGlobalSection
	GlobalSection(ProjectConfigurationPlatforms) = postSolution
		{7F62E851-BDB1-4F1E-BAB9-401C6318F9BA}.Debug|Any CPU.ActiveCfg = Debug|Any CPU
		{7F62E851-BDB1-4F1E-BAB9-401C6318F9BA}.Debug|Any CPU.Build.0 = Debug|Any CPU
		{7F62E851-BDB1-4F1E-BAB9-401C6318F9BA}.Release|Any CPU.ActiveCfg = Release|Any CPU
		{7F62E851-BDB1-4F1E-BAB9-401C6318F9BA}.Release|Any CPU.Build.0 = Release|Any CPU
	EndGlobalSection
	GlobalSection(SolutionProperties) = preSolution
		HideSolutionNode = FALSE
	EndGlobalSection
	GlobalSection(ExtensibilityGlobals) = postSolution
		SolutionGuid = {36DE8AB0-697B-4B2F-85BD-AA7228018D7F}
	EndGlobalSection
EndGlobal
