
Microsoft Visual Studio Solution File, Format Version 12.00
# Visual Studio Version 16
VisualStudioVersion = 16.0.30413.136
MinimumVisualStudioVersion = 10.0.40219.1
Project("{FAE04EC0-301F-11D3-BF4B-00C04F79EFBC}") = "TUnidade", "TUnidade\TUnidade.csproj", "{E57A91B7-3A31-4A65-BDE8-DC333EFB27AF}"
EndProject
Project("{FAE04EC0-301F-11D3-BF4B-00C04F79EFBC}") = "TUnidade.Test", "TUnidade.Test\TUnidade.Test.csproj", "{45DBAA07-C53B-4B7F-9754-BD027F3A43DF}"
EndProject
Global
	GlobalSection(SolutionConfigurationPlatforms) = preSolution
		Debug|Any CPU = Debug|Any CPU
		Release|Any CPU = Release|Any CPU
	EndGlobalSection
	GlobalSection(ProjectConfigurationPlatforms) = postSolution
		{E57A91B7-3A31-4A65-BDE8-DC333EFB27AF}.Debug|Any CPU.ActiveCfg = Debug|Any CPU
		{E57A91B7-3A31-4A65-BDE8-DC333EFB27AF}.Debug|Any CPU.Build.0 = Debug|Any CPU
		{E57A91B7-3A31-4A65-BDE8-DC333EFB27AF}.Release|Any CPU.ActiveCfg = Release|Any CPU
		{E57A91B7-3A31-4A65-BDE8-DC333EFB27AF}.Release|Any CPU.Build.0 = Release|Any CPU
		{45DBAA07-C53B-4B7F-9754-BD027F3A43DF}.Debug|Any CPU.ActiveCfg = Debug|Any CPU
		{45DBAA07-C53B-4B7F-9754-BD027F3A43DF}.Debug|Any CPU.Build.0 = Debug|Any CPU
		{45DBAA07-C53B-4B7F-9754-BD027F3A43DF}.Release|Any CPU.ActiveCfg = Release|Any CPU
		{45DBAA07-C53B-4B7F-9754-BD027F3A43DF}.Release|Any CPU.Build.0 = Release|Any CPU
	EndGlobalSection
	GlobalSection(SolutionProperties) = preSolution
		HideSolutionNode = FALSE
	EndGlobalSection
	GlobalSection(ExtensibilityGlobals) = postSolution
		SolutionGuid = {AC750983-5175-4E3E-8A1C-754B5205D6AA}
	EndGlobalSection
EndGlobal
